
Microsoft Visual Studio Solution File, Format Version 12.00
# Visual Studio Version 16
VisualStudioVersion = 25.0.1703.2
MinimumVisualStudioVersion = 10.0.40219.1
Project("{FAE04EC0-301F-11D3-BF4B-00C04F79EFBC}") = "KundeApp1", "KundeApp1\KundeApp1.csproj", "{91827EC1-BFEF-4485-A323-EA1FD0B34032}"
EndProject
Global
	GlobalSection(SolutionConfigurationPlatforms) = preSolution
		Debug|Any CPU = Debug|Any CPU
		Release|Any CPU = Release|Any CPU
	EndGlobalSection
	GlobalSection(ProjectConfigurationPlatforms) = postSolution
		{91827EC1-BFEF-4485-A323-EA1FD0B34032}.Debug|Any CPU.ActiveCfg = Debug|Any CPU
		{91827EC1-BFEF-4485-A323-EA1FD0B34032}.Debug|Any CPU.Build.0 = Debug|Any CPU
		{91827EC1-BFEF-4485-A323-EA1FD0B34032}.Release|Any CPU.ActiveCfg = Release|Any CPU
		{91827EC1-BFEF-4485-A323-EA1FD0B34032}.Release|Any CPU.Build.0 = Release|Any CPU
	EndGlobalSection
	GlobalSection(SolutionProperties) = preSolution
		HideSolutionNode = FALSE
	EndGlobalSection
	GlobalSection(ExtensibilityGlobals) = postSolution
		SolutionGuid = {7190EA82-A974-4672-8885-93D08FC5D3BF}
	EndGlobalSection
EndGlobal
